
Microsoft Visual Studio Solution File, Format Version 12.00
# Visual Studio 15
VisualStudioVersion = 15.0.28307.168
MinimumVisualStudioVersion = 10.0.40219.1
Project("{FAE04EC0-301F-11D3-BF4B-00C04F79EFBC}") = "test", "test\test.csproj", "{CC46AF3A-0D52-46FF-9BF5-44F51A9EBB02}"
EndProject
Global
	GlobalSection(SolutionConfigurationPlatforms) = preSolution
		Debug|Any CPU = Debug|Any CPU
		Release|Any CPU = Release|Any CPU
	EndGlobalSection
	GlobalSection(ProjectConfigurationPlatforms) = postSolution
		{CC46AF3A-0D52-46FF-9BF5-44F51A9EBB02}.Debug|Any CPU.ActiveCfg = Debug|Any CPU
		{CC46AF3A-0D52-46FF-9BF5-44F51A9EBB02}.Debug|Any CPU.Build.0 = Debug|Any CPU
		{CC46AF3A-0D52-46FF-9BF5-44F51A9EBB02}.Release|Any CPU.ActiveCfg = Release|Any CPU
		{CC46AF3A-0D52-46FF-9BF5-44F51A9EBB02}.Release|Any CPU.Build.0 = Release|Any CPU
	EndGlobalSection
	GlobalSection(SolutionProperties) = preSolution
		HideSolutionNode = FALSE
	EndGlobalSection
	GlobalSection(ExtensibilityGlobals) = postSolution
		SolutionGuid = {CE4D20D0-AF23-4B57-A3FE-4271D563B31F}
	EndGlobalSection
EndGlobal
